// !$*UTF8*$!
{
	archiveVersion = 1;
	classes = {
	};
	objectVersion = 50;
	objects = {

/* Begin PBXBuildFile section */
		941FAC2823A6EC3F0074B4F7 /* correct.wav in Resources */ = {isa = PBXBuildFile; fileRef = 941FAC2723A6EC3F0074B4F7 /* correct.wav */; };
		941FAC2A23A6F15A0074B4F7 /* false.wav in Resources */ = {isa = PBXBuildFile; fileRef = 941FAC2923A6F15A0074B4F7 /* false.wav */; };
		94703E0723A54C95003D19D7 /* ImageClassifier.mlmodel in Sources */ = {isa = PBXBuildFile; fileRef = 94703E0623A54C95003D19D7 /* ImageClassifier.mlmodel */; };
		94703E0A23A5A74E003D19D7 /* PORKYS_.TTF in Resources */ = {isa = PBXBuildFile; fileRef = 94703E0923A5A74E003D19D7 /* PORKYS_.TTF */; };
		94703E0D23A5B77C003D19D7 /* success.wav in Resources */ = {isa = PBXBuildFile; fileRef = 94703E0C23A5B77C003D19D7 /* success.wav */; };
		94703E1323A69FD7003D19D7 /* Default-568h@2x.png in Resources */ = {isa = PBXBuildFile; fileRef = 94703E1223A69FD7003D19D7 /* Default-568h@2x.png */; };
		94703E1523A6A2C5003D19D7 /* objects.json in Resources */ = {isa = PBXBuildFile; fileRef = 94703E1423A6A2C5003D19D7 /* objects.json */; };
		94703E1723A6C569003D19D7 /* AllObjects.swift in Sources */ = {isa = PBXBuildFile; fileRef = 94703E1623A6C569003D19D7 /* AllObjects.swift */; };
		94703E1923A6C592003D19D7 /* Object.swift in Sources */ = {isa = PBXBuildFile; fileRef = 94703E1823A6C592003D19D7 /* Object.swift */; };
		94BF32B72395DBF500B7748A /* AppDelegate.swift in Sources */ = {isa = PBXBuildFile; fileRef = 94BF32B62395DBF500B7748A /* AppDelegate.swift */; };
		94BF32B92395DBF500B7748A /* SceneDelegate.swift in Sources */ = {isa = PBXBuildFile; fileRef = 94BF32B82395DBF500B7748A /* SceneDelegate.swift */; };
		94BF32BB2395DBF500B7748A /* ViewController.swift in Sources */ = {isa = PBXBuildFile; fileRef = 94BF32BA2395DBF500B7748A /* ViewController.swift */; };
		94BF32BE2395DBF500B7748A /* Main.storyboard in Resources */ = {isa = PBXBuildFile; fileRef = 94BF32BC2395DBF500B7748A /* Main.storyboard */; };
		94BF32C02395DBF600B7748A /* Assets.xcassets in Resources */ = {isa = PBXBuildFile; fileRef = 94BF32BF2395DBF600B7748A /* Assets.xcassets */; };
		94BF32C32395DBF600B7748A /* LaunchScreen.storyboard in Resources */ = {isa = PBXBuildFile; fileRef = 94BF32C12395DBF600B7748A /* LaunchScreen.storyboard */; };
		F1D04B444ADA7FDE238CE2AD /* Pods_Marilook.framework in Frameworks */ = {isa = PBXBuildFile; fileRef = 8F42779D089A3777C5335903 /* Pods_Marilook.framework */; };
/* End PBXBuildFile section */

/* Begin PBXFileReference section */
		86590B3950C5A330C11098A2 /* Pods-Marilook.debug.xcconfig */ = {isa = PBXFileReference; includeInIndex = 1; lastKnownFileType = text.xcconfig; name = "Pods-Marilook.debug.xcconfig"; path = "Target Support Files/Pods-Marilook/Pods-Marilook.debug.xcconfig"; sourceTree = "<group>"; };
		8F42779D089A3777C5335903 /* Pods_Marilook.framework */ = {isa = PBXFileReference; explicitFileType = wrapper.framework; includeInIndex = 0; path = Pods_Marilook.framework; sourceTree = BUILT_PRODUCTS_DIR; };
		941FAC2723A6EC3F0074B4F7 /* correct.wav */ = {isa = PBXFileReference; lastKnownFileType = audio.wav; path = correct.wav; sourceTree = "<group>"; };
		941FAC2923A6F15A0074B4F7 /* false.wav */ = {isa = PBXFileReference; lastKnownFileType = audio.wav; path = false.wav; sourceTree = "<group>"; };
		94703E0623A54C95003D19D7 /* ImageClassifier.mlmodel */ = {isa = PBXFileReference; lastKnownFileType = file.mlmodel; path = ImageClassifier.mlmodel; sourceTree = "<group>"; };
		94703E0923A5A74E003D19D7 /* PORKYS_.TTF */ = {isa = PBXFileReference; lastKnownFileType = file; path = PORKYS_.TTF; sourceTree = "<group>"; };
		94703E0C23A5B77C003D19D7 /* success.wav */ = {isa = PBXFileReference; lastKnownFileType = audio.wav; path = success.wav; sourceTree = "<group>"; };
		94703E1223A69FD7003D19D7 /* Default-568h@2x.png */ = {isa = PBXFileReference; lastKnownFileType = image.png; path = "Default-568h@2x.png"; sourceTree = "<group>"; };
		94703E1423A6A2C5003D19D7 /* objects.json */ = {isa = PBXFileReference; fileEncoding = 4; lastKnownFileType = text.json; path = objects.json; sourceTree = "<group>"; };
		94703E1623A6C569003D19D7 /* AllObjects.swift */ = {isa = PBXFileReference; lastKnownFileType = sourcecode.swift; path = AllObjects.swift; sourceTree = "<group>"; };
		94703E1823A6C592003D19D7 /* Object.swift */ = {isa = PBXFileReference; lastKnownFileType = sourcecode.swift; path = Object.swift; sourceTree = "<group>"; };
		94BF32B32395DBF400B7748A /* Marilook.app */ = {isa = PBXFileReference; explicitFileType = wrapper.application; includeInIndex = 0; path = Marilook.app; sourceTree = BUILT_PRODUCTS_DIR; };
		94BF32B62395DBF500B7748A /* AppDelegate.swift */ = {isa = PBXFileReference; lastKnownFileType = sourcecode.swift; path = AppDelegate.swift; sourceTree = "<group>"; };
		94BF32B82395DBF500B7748A /* SceneDelegate.swift */ = {isa = PBXFileReference; lastKnownFileType = sourcecode.swift; path = SceneDelegate.swift; sourceTree = "<group>"; };
		94BF32BA2395DBF500B7748A /* ViewController.swift */ = {isa = PBXFileReference; lastKnownFileType = sourcecode.swift; path = ViewController.swift; sourceTree = "<group>"; };
		94BF32BD2395DBF500B7748A /* Base */ = {isa = PBXFileReference; lastKnownFileType = file.storyboard; name = Base; path = Base.lproj/Main.storyboard; sourceTree = "<group>"; };
		94BF32BF2395DBF600B7748A /* Assets.xcassets */ = {isa = PBXFileReference; lastKnownFileType = folder.assetcatalog; path = Assets.xcassets; sourceTree = "<group>"; };
		94BF32C22395DBF600B7748A /* Base */ = {isa = PBXFileReference; lastKnownFileType = file.storyboard; name = Base; path = Base.lproj/LaunchScreen.storyboard; sourceTree = "<group>"; };
		94BF32C42395DBF600B7748A /* Info.plist */ = {isa = PBXFileReference; lastKnownFileType = text.plist.xml; path = Info.plist; sourceTree = "<group>"; };
		CD312E7CA823F72031B9D617 /* Pods-Marilook.release.xcconfig */ = {isa = PBXFileReference; includeInIndex = 1; lastKnownFileType = text.xcconfig; name = "Pods-Marilook.release.xcconfig"; path = "Target Support Files/Pods-Marilook/Pods-Marilook.release.xcconfig"; sourceTree = "<group>"; };
/* End PBXFileReference section */

/* Begin PBXFrameworksBuildPhase section */
		94BF32B02395DBF400B7748A /* Frameworks */ = {
			isa = PBXFrameworksBuildPhase;
			buildActionMask = 2147483647;
			files = (
				F1D04B444ADA7FDE238CE2AD /* Pods_Marilook.framework in Frameworks */,
			);
			runOnlyForDeploymentPostprocessing = 0;
		};
/* End PBXFrameworksBuildPhase section */

/* Begin PBXGroup section */
		94703E0823A5A73B003D19D7 /* font */ = {
			isa = PBXGroup;
			children = (
				94703E0923A5A74E003D19D7 /* PORKYS_.TTF */,
			);
			path = font;
			sourceTree = "<group>";
		};
		94703E0B23A5B76A003D19D7 /* sounds */ = {
			isa = PBXGroup;
			children = (
				94703E0C23A5B77C003D19D7 /* success.wav */,
				941FAC2723A6EC3F0074B4F7 /* correct.wav */,
				941FAC2923A6F15A0074B4F7 /* false.wav */,
			);
			path = sounds;
			sourceTree = "<group>";
		};
		94703E0E23A69ECA003D19D7 /* Model */ = {
			isa = PBXGroup;
			children = (
				94703E1423A6A2C5003D19D7 /* objects.json */,
				94703E1623A6C569003D19D7 /* AllObjects.swift */,
				94703E1823A6C592003D19D7 /* Object.swift */,
			);
			path = Model;
			sourceTree = "<group>";
		};
		94703E0F23A69ED5003D19D7 /* View */ = {
			isa = PBXGroup;
			children = (
				94BF32BC2395DBF500B7748A /* Main.storyboard */,
				94BF32BF2395DBF600B7748A /* Assets.xcassets */,
			);
			path = View;
			sourceTree = "<group>";
		};
		94703E1023A69EEB003D19D7 /* Controller */ = {
			isa = PBXGroup;
			children = (
				94BF32B62395DBF500B7748A /* AppDelegate.swift */,
				94BF32B82395DBF500B7748A /* SceneDelegate.swift */,
				94BF32BA2395DBF500B7748A /* ViewController.swift */,
			);
			path = Controller;
			sourceTree = "<group>";
		};
		94703E1123A69F45003D19D7 /* Support Files */ = {
			isa = PBXGroup;
			children = (
				94BF32C12395DBF600B7748A /* LaunchScreen.storyboard */,
				94703E0623A54C95003D19D7 /* ImageClassifier.mlmodel */,
				94703E0B23A5B76A003D19D7 /* sounds */,
				94703E0823A5A73B003D19D7 /* font */,
			);
			path = "Support Files";
			sourceTree = "<group>";
		};
		94BF32AA2395DBF400B7748A = {
			isa = PBXGroup;
			children = (
				94703E1223A69FD7003D19D7 /* Default-568h@2x.png */,
				94BF32B52395DBF400B7748A /* project */,
				94BF32B42395DBF400B7748A /* Products */,
				F45E2195C13682B9E5B3002B /* Pods */,
				F3559729DC02B164106CBD6F /* Frameworks */,
			);
			sourceTree = "<group>";
		};
		94BF32B42395DBF400B7748A /* Products */ = {
			isa = PBXGroup;
			children = (
				94BF32B32395DBF400B7748A /* Marilook.app */,
			);
			name = Products;
			sourceTree = "<group>";
		};
		94BF32B52395DBF400B7748A /* project */ = {
			isa = PBXGroup;
			children = (
				94703E0F23A69ED5003D19D7 /* View */,
				94703E0E23A69ECA003D19D7 /* Model */,
				94703E1023A69EEB003D19D7 /* Controller */,
				94703E1123A69F45003D19D7 /* Support Files */,
				94BF32C42395DBF600B7748A /* Info.plist */,
			);
			path = project;
			sourceTree = "<group>";
		};
		F3559729DC02B164106CBD6F /* Frameworks */ = {
			isa = PBXGroup;
			children = (
				8F42779D089A3777C5335903 /* Pods_Marilook.framework */,
			);
			name = Frameworks;
			sourceTree = "<group>";
		};
		F45E2195C13682B9E5B3002B /* Pods */ = {
			isa = PBXGroup;
			children = (
				86590B3950C5A330C11098A2 /* Pods-Marilook.debug.xcconfig */,
				CD312E7CA823F72031B9D617 /* Pods-Marilook.release.xcconfig */,
			);
			path = Pods;
			sourceTree = "<group>";
		};
/* End PBXGroup section */

/* Begin PBXNativeTarget section */
		94BF32B22395DBF400B7748A /* Marilook */ = {
			isa = PBXNativeTarget;
			buildConfigurationList = 94BF32C72395DBF600B7748A /* Build configuration list for PBXNativeTarget "Marilook" */;
			buildPhases = (
				585949518EA1B5C8E42C642E /* [CP] Check Pods Manifest.lock */,
				94BF32AF2395DBF400B7748A /* Sources */,
				94BF32B02395DBF400B7748A /* Frameworks */,
				94BF32B12395DBF400B7748A /* Resources */,
				DEF13186EB90AFC3ACAE7334 /* [CP] Embed Pods Frameworks */,
			);
			buildRules = (
			);
			dependencies = (
			);
			name = Marilook;
			productName = project;
			productReference = 94BF32B32395DBF400B7748A /* Marilook.app */;
			productType = "com.apple.product-type.application";
		};
/* End PBXNativeTarget section */

/* Begin PBXProject section */
		94BF32AB2395DBF400B7748A /* Project object */ = {
			isa = PBXProject;
			attributes = {
				LastSwiftUpdateCheck = 1120;
				LastUpgradeCheck = 1120;
				ORGANIZATIONNAME = "Maxim De Geyter";
				TargetAttributes = {
					94BF32B22395DBF400B7748A = {
						CreatedOnToolsVersion = 11.2.1;
					};
				};
			};
			buildConfigurationList = 94BF32AE2395DBF400B7748A /* Build configuration list for PBXProject "Marilook" */;
			compatibilityVersion = "Xcode 9.3";
			developmentRegion = en;
			hasScannedForEncodings = 0;
			knownRegions = (
				en,
				Base,
			);
			mainGroup = 94BF32AA2395DBF400B7748A;
			productRefGroup = 94BF32B42395DBF400B7748A /* Products */;
			projectDirPath = "";
			projectRoot = "";
			targets = (
				94BF32B22395DBF400B7748A /* Marilook */,
			);
		};
/* End PBXProject section */

/* Begin PBXResourcesBuildPhase section */
		94BF32B12395DBF400B7748A /* Resources */ = {
			isa = PBXResourcesBuildPhase;
			buildActionMask = 2147483647;
			files = (
				941FAC2823A6EC3F0074B4F7 /* correct.wav in Resources */,
				94BF32C32395DBF600B7748A /* LaunchScreen.storyboard in Resources */,
				941FAC2A23A6F15A0074B4F7 /* false.wav in Resources */,
				94703E1523A6A2C5003D19D7 /* objects.json in Resources */,
				94BF32C02395DBF600B7748A /* Assets.xcassets in Resources */,
				94703E0A23A5A74E003D19D7 /* PORKYS_.TTF in Resources */,
				94BF32BE2395DBF500B7748A /* Main.storyboard in Resources */,
				94703E0D23A5B77C003D19D7 /* success.wav in Resources */,
				94703E1323A69FD7003D19D7 /* Default-568h@2x.png in Resources */,
			);
			runOnlyForDeploymentPostprocessing = 0;
		};
/* End PBXResourcesBuildPhase section */

/* Begin PBXShellScriptBuildPhase section */
		585949518EA1B5C8E42C642E /* [CP] Check Pods Manifest.lock */ = {
			isa = PBXShellScriptBuildPhase;
			buildActionMask = 2147483647;
			files = (
			);
			inputFileListPaths = (
			);
			inputPaths = (
				"${PODS_PODFILE_DIR_PATH}/Podfile.lock",
				"${PODS_ROOT}/Manifest.lock",
			);
			name = "[CP] Check Pods Manifest.lock";
			outputFileListPaths = (
			);
			outputPaths = (
				"$(DERIVED_FILE_DIR)/Pods-Marilook-checkManifestLockResult.txt",
			);
			runOnlyForDeploymentPostprocessing = 0;
			shellPath = /bin/sh;
			shellScript = "diff \"${PODS_PODFILE_DIR_PATH}/Podfile.lock\" \"${PODS_ROOT}/Manifest.lock\" > /dev/null\nif [ $? != 0 ] ; then\n    # print error to STDERR\n    echo \"error: The sandbox is not in sync with the Podfile.lock. Run 'pod install' or update your CocoaPods installation.\" >&2\n    exit 1\nfi\n# This output is used by Xcode 'outputs' to avoid re-running this script phase.\necho \"SUCCESS\" > \"${SCRIPT_OUTPUT_FILE_0}\"\n";
			showEnvVarsInLog = 0;
		};
		DEF13186EB90AFC3ACAE7334 /* [CP] Embed Pods Frameworks */ = {
			isa = PBXShellScriptBuildPhase;
			buildActionMask = 2147483647;
			files = (
			);
			inputFileListPaths = (
			);
			inputPaths = (
				"${PODS_ROOT}/Target Support Files/Pods-Marilook/Pods-Marilook-frameworks.sh",
				"${BUILT_PRODUCTS_DIR}/SwiftyJSON/SwiftyJSON.framework",
			);
			name = "[CP] Embed Pods Frameworks";
			outputFileListPaths = (
			);
			outputPaths = (
				"${TARGET_BUILD_DIR}/${FRAMEWORKS_FOLDER_PATH}/SwiftyJSON.framework",
			);
			runOnlyForDeploymentPostprocessing = 0;
			shellPath = /bin/sh;
			shellScript = "\"${PODS_ROOT}/Target Support Files/Pods-Marilook/Pods-Marilook-frameworks.sh\"\n";
			showEnvVarsInLog = 0;
		};
/* End PBXShellScriptBuildPhase section */

/* Begin PBXSourcesBuildPhase section */
		94BF32AF2395DBF400B7748A /* Sources */ = {
			isa = PBXSourcesBuildPhase;
			buildActionMask = 2147483647;
			files = (
				94703E0723A54C95003D19D7 /* ImageClassifier.mlmodel in Sources */,
				94703E1723A6C569003D19D7 /* AllObjects.swift in Sources */,
				94BF32BB2395DBF500B7748A /* ViewController.swift in Sources */,
				94BF32B72395DBF500B7748A /* AppDelegate.swift in Sources */,
				94703E1923A6C592003D19D7 /* Object.swift in Sources */,
				94BF32B92395DBF500B7748A /* SceneDelegate.swift in Sources */,
			);
			runOnlyForDeploymentPostprocessing = 0;
		};
/* End PBXSourcesBuildPhase section */

/* Begin PBXVariantGroup section */
		94BF32BC2395DBF500B7748A /* Main.storyboard */ = {
			isa = PBXVariantGroup;
			children = (
				94BF32BD2395DBF500B7748A /* Base */,
			);
			name = Main.storyboard;
			sourceTree = "<group>";
		};
		94BF32C12395DBF600B7748A /* LaunchScreen.storyboard */ = {
			isa = PBXVariantGroup;
			children = (
				94BF32C22395DBF600B7748A /* Base */,
			);
			name = LaunchScreen.storyboard;
			sourceTree = "<group>";
		};
/* End PBXVariantGroup section */

/* Begin XCBuildConfiguration section */
		94BF32C52395DBF600B7748A /* Debug */ = {
			isa = XCBuildConfiguration;
			buildSettings = {
				ALWAYS_SEARCH_USER_PATHS = NO;
				CLANG_ANALYZER_NONNULL = YES;
				CLANG_ANALYZER_NUMBER_OBJECT_CONVERSION = YES_AGGRESSIVE;
				CLANG_CXX_LANGUAGE_STANDARD = "gnu++14";
				CLANG_CXX_LIBRARY = "libc++";
				CLANG_ENABLE_MODULES = YES;
				CLANG_ENABLE_OBJC_ARC = YES;
				CLANG_ENABLE_OBJC_WEAK = YES;
				CLANG_WARN_BLOCK_CAPTURE_AUTORELEASING = YES;
				CLANG_WARN_BOOL_CONVERSION = YES;
				CLANG_WARN_COMMA = YES;
				CLANG_WARN_CONSTANT_CONVERSION = YES;
				CLANG_WARN_DEPRECATED_OBJC_IMPLEMENTATIONS = YES;
				CLANG_WARN_DIRECT_OBJC_ISA_USAGE = YES_ERROR;
				CLANG_WARN_DOCUMENTATION_COMMENTS = YES;
				CLANG_WARN_EMPTY_BODY = YES;
				CLANG_WARN_ENUM_CONVERSION = YES;
				CLANG_WARN_INFINITE_RECURSION = YES;
				CLANG_WARN_INT_CONVERSION = YES;
				CLANG_WARN_NON_LITERAL_NULL_CONVERSION = YES;
				CLANG_WARN_OBJC_IMPLICIT_RETAIN_SELF = YES;
				CLANG_WARN_OBJC_LITERAL_CONVERSION = YES;
				CLANG_WARN_OBJC_ROOT_CLASS = YES_ERROR;
				CLANG_WARN_RANGE_LOOP_ANALYSIS = YES;
				CLANG_WARN_STRICT_PROTOTYPES = YES;
				CLANG_WARN_SUSPICIOUS_MOVE = YES;
				CLANG_WARN_UNGUARDED_AVAILABILITY = YES_AGGRESSIVE;
				CLANG_WARN_UNREACHABLE_CODE = YES;
				CLANG_WARN__DUPLICATE_METHOD_MATCH = YES;
				COPY_PHASE_STRIP = NO;
				DEBUG_INFORMATION_FORMAT = dwarf;
				ENABLE_STRICT_OBJC_MSGSEND = YES;
				ENABLE_TESTABILITY = YES;
				GCC_C_LANGUAGE_STANDARD = gnu11;
				GCC_DYNAMIC_NO_PIC = NO;
				GCC_NO_COMMON_BLOCKS = YES;
				GCC_OPTIMIZATION_LEVEL = 0;
				GCC_PREPROCESSOR_DEFINITIONS = (
					"DEBUG=1",
					"$(inherited)",
				);
				GCC_WARN_64_TO_32_BIT_CONVERSION = YES;
				GCC_WARN_ABOUT_RETURN_TYPE = YES_ERROR;
				GCC_WARN_UNDECLARED_SELECTOR = YES;
				GCC_WARN_UNINITIALIZED_AUTOS = YES_AGGRESSIVE;
				GCC_WARN_UNUSED_FUNCTION = YES;
				GCC_WARN_UNUSED_VARIABLE = YES;
				IPHONEOS_DEPLOYMENT_TARGET = 13.2;
				MTL_ENABLE_DEBUG_INFO = INCLUDE_SOURCE;
				MTL_FAST_MATH = YES;
				ONLY_ACTIVE_ARCH = YES;
				SDKROOT = iphoneos;
				SWIFT_ACTIVE_COMPILATION_CONDITIONS = DEBUG;
				SWIFT_OPTIMIZATION_LEVEL = "-Onone";
			};
			name = Debug;
		};
		94BF32C62395DBF600B7748A /* Release */ = {
			isa = XCBuildConfiguration;
			buildSettings = {
				ALWAYS_SEARCH_USER_PATHS = NO;
				CLANG_ANALYZER_NONNULL = YES;
				CLANG_ANALYZER_NUMBER_OBJECT_CONVERSION = YES_AGGRESSIVE;
				CLANG_CXX_LANGUAGE_STANDARD = "gnu++14";
				CLANG_CXX_LIBRARY = "libc++";
				CLANG_ENABLE_MODULES = YES;
				CLANG_ENABLE_OBJC_ARC = YES;
				CLANG_ENABLE_OBJC_WEAK = YES;
				CLANG_WARN_BLOCK_CAPTURE_AUTORELEASING = YES;
				CLANG_WARN_BOOL_CONVERSION = YES;
				CLANG_WARN_COMMA = YES;
				CLANG_WARN_CONSTANT_CONVERSION = YES;
				CLANG_WARN_DEPRECATED_OBJC_IMPLEMENTATIONS = YES;
				CLANG_WARN_DIRECT_OBJC_ISA_USAGE = YES_ERROR;
				CLANG_WARN_DOCUMENTATION_COMMENTS = YES;
				CLANG_WARN_EMPTY_BODY = YES;
				CLANG_WARN_ENUM_CONVERSION = YES;
				CLANG_WARN_INFINITE_RECURSION = YES;
				CLANG_WARN_INT_CONVERSION = YES;
				CLANG_WARN_NON_LITERAL_NULL_CONVERSION = YES;
				CLANG_WARN_OBJC_IMPLICIT_RETAIN_SELF = YES;
				CLANG_WARN_OBJC_LITERAL_CONVERSION = YES;
				CLANG_WARN_OBJC_ROOT_CLASS = YES_ERROR;
				CLANG_WARN_RANGE_LOOP_ANALYSIS = YES;
				CLANG_WARN_STRICT_PROTOTYPES = YES;
				CLANG_WARN_SUSPICIOUS_MOVE = YES;
				CLANG_WARN_UNGUARDED_AVAILABILITY = YES_AGGRESSIVE;
				CLANG_WARN_UNREACHABLE_CODE = YES;
				CLANG_WARN__DUPLICATE_METHOD_MATCH = YES;
				COPY_PHASE_STRIP = NO;
				DEBUG_INFORMATION_FORMAT = "dwarf-with-dsym";
				ENABLE_NS_ASSERTIONS = NO;
				ENABLE_STRICT_OBJC_MSGSEND = YES;
				GCC_C_LANGUAGE_STANDARD = gnu11;
				GCC_NO_COMMON_BLOCKS = YES;
				GCC_WARN_64_TO_32_BIT_CONVERSION = YES;
				GCC_WARN_ABOUT_RETURN_TYPE = YES_ERROR;
				GCC_WARN_UNDECLARED_SELECTOR = YES;
				GCC_WARN_UNINITIALIZED_AUTOS = YES_AGGRESSIVE;
				GCC_WARN_UNUSED_FUNCTION = YES;
				GCC_WARN_UNUSED_VARIABLE = YES;
				IPHONEOS_DEPLOYMENT_TARGET = 13.2;
				MTL_ENABLE_DEBUG_INFO = NO;
				MTL_FAST_MATH = YES;
				SDKROOT = iphoneos;
				SWIFT_COMPILATION_MODE = wholemodule;
				SWIFT_OPTIMIZATION_LEVEL = "-O";
				VALIDATE_PRODUCT = YES;
			};
			name = Release;
		};
		94BF32C82395DBF600B7748A /* Debug */ = {
			isa = XCBuildConfiguration;
			baseConfigurationReference = 86590B3950C5A330C11098A2 /* Pods-Marilook.debug.xcconfig */;
			buildSettings = {
				ASSETCATALOG_COMPILER_APPICON_NAME = AppIcon;
				CODE_SIGN_STYLE = Automatic;
				DEVELOPMENT_TEAM = KNDF84BD65;
				INFOPLIST_FILE = project/Info.plist;
				LD_RUNPATH_SEARCH_PATHS = (
					"$(inherited)",
					"@executable_path/Frameworks",
				);
				PRODUCT_BUNDLE_IDENTIFIER = maxim.project;
				PRODUCT_NAME = "$(TARGET_NAME)";
				SWIFT_VERSION = 5.0;
				TARGETED_DEVICE_FAMILY = "1,2";
			};
			name = Debug;
		};
		94BF32C92395DBF600B7748A /* Release */ = {
			isa = XCBuildConfiguration;
			baseConfigurationReference = CD312E7CA823F72031B9D617 /* Pods-Marilook.release.xcconfig */;
			buildSettings = {
				ASSETCATALOG_COMPILER_APPICON_NAME = AppIcon;
				CODE_SIGN_STYLE = Automatic;
				DEVELOPMENT_TEAM = KNDF84BD65;
				INFOPLIST_FILE = project/Info.plist;
				LD_RUNPATH_SEARCH_PATHS = (
					"$(inherited)",
					"@executable_path/Frameworks",
				);
				PRODUCT_BUNDLE_IDENTIFIER = maxim.project;
				PRODUCT_NAME = "$(TARGET_NAME)";
				SWIFT_VERSION = 5.0;
				TARGETED_DEVICE_FAMILY = "1,2";
			};
			name = Release;
		};
/* End XCBuildConfiguration section */

/* Begin XCConfigurationList section */
		94BF32AE2395DBF400B7748A /* Build configuration list for PBXProject "Marilook" */ = {
			isa = XCConfigurationList;
			buildConfigurations = (
				94BF32C52395DBF600B7748A /* Debug */,
				94BF32C62395DBF600B7748A /* Release */,
			);
			defaultConfigurationIsVisible = 0;
			defaultConfigurationName = Release;
		};
		94BF32C72395DBF600B7748A /* Build configuration list for PBXNativeTarget "Marilook" */ = {
			isa = XCConfigurationList;
			buildConfigurations = (
				94BF32C82395DBF600B7748A /* Debug */,
				94BF32C92395DBF600B7748A /* Release */,
			);
			defaultConfigurationIsVisible = 0;
			defaultConfigurationName = Release;
		};
/* End XCConfigurationList section */
	};
	rootObject = 94BF32AB2395DBF400B7748A /* Project object */;
}
